
Microsoft Visual Studio Solution File, Format Version 12.00
# Visual Studio Version 17
VisualStudioVersion = 17.3.32804.467
MinimumVisualStudioVersion = 10.0.40219.1
Project("{8BC9CEB8-8B4A-11D0-8D11-00A0C91BC942}") = "SIAOD_5", "SIAOD_5\SIAOD_5.vcxproj", "{F7E4B84D-36B4-47AB-BED3-B26AEC30C193}"
EndProject
Global
	GlobalSection(SolutionConfigurationPlatforms) = preSolution
		Debug|x64 = Debug|x64
		Debug|x86 = Debug|x86
		Release|x64 = Release|x64
		Release|x86 = Release|x86
	EndGlobalSection
	GlobalSection(ProjectConfigurationPlatforms) = postSolution
		{F7E4B84D-36B4-47AB-BED3-B26AEC30C193}.Debug|x64.ActiveCfg = Debug|x64
		{F7E4B84D-36B4-47AB-BED3-B26AEC30C193}.Debug|x64.Build.0 = Debug|x64
		{F7E4B84D-36B4-47AB-BED3-B26AEC30C193}.Debug|x86.ActiveCfg = Debug|Win32
		{F7E4B84D-36B4-47AB-BED3-B26AEC30C193}.Debug|x86.Build.0 = Debug|Win32
		{F7E4B84D-36B4-47AB-BED3-B26AEC30C193}.Release|x64.ActiveCfg = Release|x64
		{F7E4B84D-36B4-47AB-BED3-B26AEC30C193}.Release|x64.Build.0 = Release|x64
		{F7E4B84D-36B4-47AB-BED3-B26AEC30C193}.Release|x86.ActiveCfg = Release|Win32
		{F7E4B84D-36B4-47AB-BED3-B26AEC30C193}.Release|x86.Build.0 = Release|Win32
	EndGlobalSection
	GlobalSection(SolutionProperties) = preSolution
		HideSolutionNode = FALSE
	EndGlobalSection
	GlobalSection(ExtensibilityGlobals) = postSolution
		SolutionGuid = {C93F858C-CB6E-4A76-929B-C5D1D53EC084}
	EndGlobalSection
EndGlobal
